// !$*UTF8*$!
{
	archiveVersion = 1;
	classes = {
	};
	objectVersion = 46;
	objects = {

/* Begin PBXBuildFile section */
		8F3EED4716041C5A0071A566 /* RouletteViewController.m in Sources */ = {isa = PBXBuildFile; fileRef = 8F3EED4616041C5A0071A566 /* RouletteViewController.m */; };
		C3223C7F16041EA6006EBC60 /* WRWorkout.m in Sources */ = {isa = PBXBuildFile; fileRef = C3223C7E16041EA6006EBC60 /* WRWorkout.m */; };
		C3223C83160420AE006EBC60 /* WRExercise.m in Sources */ = {isa = PBXBuildFile; fileRef = C3223C82160420AE006EBC60 /* WRExercise.m */; };
		C3223C8B16042F54006EBC60 /* WRWorkoutViewController.m in Sources */ = {isa = PBXBuildFile; fileRef = C3223C8A16042F54006EBC60 /* WRWorkoutViewController.m */; };
		C3223C8E1604315B006EBC60 /* green paper.png in Resources */ = {isa = PBXBuildFile; fileRef = C3223C8D1604315B006EBC60 /* green paper.png */; };
		C3223C9116043641006EBC60 /* MediaPlayer.framework in Frameworks */ = {isa = PBXBuildFile; fileRef = C3223C9016043641006EBC60 /* MediaPlayer.framework */; };
		C3223C9416044056006EBC60 /* MBProgressHUD.m in Sources */ = {isa = PBXBuildFile; fileRef = C3223C9316044016006EBC60 /* MBProgressHUD.m */; };
		C3B18B6716051B0100CAE941 /* MBBaseRequest.m in Sources */ = {isa = PBXBuildFile; fileRef = C3B18B5316051B0100CAE941 /* MBBaseRequest.m */; settings = {COMPILER_FLAGS = "-fno-objc-arc"; }; };
		C3B18B6816051B0100CAE941 /* MBHTTPConnectionOperation.m in Sources */ = {isa = PBXBuildFile; fileRef = C3B18B5616051B0100CAE941 /* MBHTTPConnectionOperation.m */; settings = {COMPILER_FLAGS = "-fno-objc-arc"; }; };
		C3B18B6916051B0100CAE941 /* MBHTTPRequest.m in Sources */ = {isa = PBXBuildFile; fileRef = C3B18B5816051B0100CAE941 /* MBHTTPRequest.m */; settings = {COMPILER_FLAGS = "-fno-objc-arc"; }; };
		C3B18B6A16051B0100CAE941 /* MBImageRequest.m in Sources */ = {isa = PBXBuildFile; fileRef = C3B18B5A16051B0100CAE941 /* MBImageRequest.m */; settings = {COMPILER_FLAGS = "-fno-objc-arc"; }; };
		C3B18B6B16051B0100CAE941 /* MBJSONRequest.m in Sources */ = {isa = PBXBuildFile; fileRef = C3B18B5C16051B0100CAE941 /* MBJSONRequest.m */; settings = {COMPILER_FLAGS = "-fno-objc-arc"; }; };
		C3B18B6C16051B0100CAE941 /* MBRequestError.m in Sources */ = {isa = PBXBuildFile; fileRef = C3B18B5F16051B0100CAE941 /* MBRequestError.m */; settings = {COMPILER_FLAGS = "-fno-objc-arc"; }; };
		C3B18B6D16051B0100CAE941 /* MBURLConnectionOperation.m in Sources */ = {isa = PBXBuildFile; fileRef = C3B18B6316051B0100CAE941 /* MBURLConnectionOperation.m */; settings = {COMPILER_FLAGS = "-fno-objc-arc"; }; };
		C3B18B6E16051B0100CAE941 /* MBXMLRequest.m in Sources */ = {isa = PBXBuildFile; fileRef = C3B18B6616051B0100CAE941 /* MBXMLRequest.m */; settings = {COMPILER_FLAGS = "-fno-objc-arc"; }; };
		C3F1692316040E6A00C0CE12 /* UIKit.framework in Frameworks */ = {isa = PBXBuildFile; fileRef = C3F1692216040E6A00C0CE12 /* UIKit.framework */; };
		C3F1692516040E6A00C0CE12 /* Foundation.framework in Frameworks */ = {isa = PBXBuildFile; fileRef = C3F1692416040E6A00C0CE12 /* Foundation.framework */; };
		C3F1692716040E6A00C0CE12 /* CoreGraphics.framework in Frameworks */ = {isa = PBXBuildFile; fileRef = C3F1692616040E6A00C0CE12 /* CoreGraphics.framework */; };
		C3F1692916040E6A00C0CE12 /* CoreData.framework in Frameworks */ = {isa = PBXBuildFile; fileRef = C3F1692816040E6A00C0CE12 /* CoreData.framework */; };
		C3F1692F16040E6A00C0CE12 /* InfoPlist.strings in Resources */ = {isa = PBXBuildFile; fileRef = C3F1692D16040E6A00C0CE12 /* InfoPlist.strings */; };
		C3F1693116040E6A00C0CE12 /* main.m in Sources */ = {isa = PBXBuildFile; fileRef = C3F1693016040E6A00C0CE12 /* main.m */; };
		C3F1693516040E6A00C0CE12 /* WRAppDelegate.m in Sources */ = {isa = PBXBuildFile; fileRef = C3F1693416040E6A00C0CE12 /* WRAppDelegate.m */; };
		C3F1693816040E6A00C0CE12 /* Workout_Roulette.xcdatamodeld in Sources */ = {isa = PBXBuildFile; fileRef = C3F1693616040E6A00C0CE12 /* Workout_Roulette.xcdatamodeld */; };
		C3F1693F1604140C00C0CE12 /* CloudMine.framework in Frameworks */ = {isa = PBXBuildFile; fileRef = C3F1693E1604140C00C0CE12 /* CloudMine.framework */; };
		C3F169411604143B00C0CE12 /* CFNetwork.framework in Frameworks */ = {isa = PBXBuildFile; fileRef = C3F169401604143B00C0CE12 /* CFNetwork.framework */; };
		C3F169431604144400C0CE12 /* SystemConfiguration.framework in Frameworks */ = {isa = PBXBuildFile; fileRef = C3F169421604144400C0CE12 /* SystemConfiguration.framework */; };
		C3F169451604144C00C0CE12 /* MobileCoreServices.framework in Frameworks */ = {isa = PBXBuildFile; fileRef = C3F169441604144C00C0CE12 /* MobileCoreServices.framework */; };
		C3F169471604146300C0CE12 /* libz.dylib in Frameworks */ = {isa = PBXBuildFile; fileRef = C3F169461604146300C0CE12 /* libz.dylib */; };
/* End PBXBuildFile section */

/* Begin PBXFileReference section */
		8F3EED4516041C5A0071A566 /* RouletteViewController.h */ = {isa = PBXFileReference; fileEncoding = 4; lastKnownFileType = sourcecode.c.h; path = RouletteViewController.h; sourceTree = "<group>"; };
		8F3EED4616041C5A0071A566 /* RouletteViewController.m */ = {isa = PBXFileReference; fileEncoding = 4; lastKnownFileType = sourcecode.c.objc; path = RouletteViewController.m; sourceTree = "<group>"; };
		C3223C7D16041EA6006EBC60 /* WRWorkout.h */ = {isa = PBXFileReference; fileEncoding = 4; lastKnownFileType = sourcecode.c.h; name = WRWorkout.h; path = "Workout Roulette/WRWorkout.h"; sourceTree = "<group>"; };
		C3223C7E16041EA6006EBC60 /* WRWorkout.m */ = {isa = PBXFileReference; fileEncoding = 4; lastKnownFileType = sourcecode.c.objc; name = WRWorkout.m; path = "Workout Roulette/WRWorkout.m"; sourceTree = "<group>"; };
		C3223C81160420AE006EBC60 /* WRExercise.h */ = {isa = PBXFileReference; fileEncoding = 4; lastKnownFileType = sourcecode.c.h; path = WRExercise.h; sourceTree = "<group>"; };
		C3223C82160420AE006EBC60 /* WRExercise.m */ = {isa = PBXFileReference; fileEncoding = 4; lastKnownFileType = sourcecode.c.objc; path = WRExercise.m; sourceTree = "<group>"; };
		C3223C8916042F54006EBC60 /* WRWorkoutViewController.h */ = {isa = PBXFileReference; fileEncoding = 4; lastKnownFileType = sourcecode.c.h; path = WRWorkoutViewController.h; sourceTree = "<group>"; };
		C3223C8A16042F54006EBC60 /* WRWorkoutViewController.m */ = {isa = PBXFileReference; fileEncoding = 4; lastKnownFileType = sourcecode.c.objc; path = WRWorkoutViewController.m; sourceTree = "<group>"; };
		C3223C8D1604315B006EBC60 /* green paper.png */ = {isa = PBXFileReference; lastKnownFileType = image.png; path = "green paper.png"; sourceTree = "<group>"; };
		C3223C9016043641006EBC60 /* MediaPlayer.framework */ = {isa = PBXFileReference; lastKnownFileType = wrapper.framework; name = MediaPlayer.framework; path = System/Library/Frameworks/MediaPlayer.framework; sourceTree = SDKROOT; };
		C3223C9216044016006EBC60 /* MBProgressHUD.h */ = {isa = PBXFileReference; lastKnownFileType = sourcecode.c.h; path = MBProgressHUD.h; sourceTree = "<group>"; };
		C3223C9316044016006EBC60 /* MBProgressHUD.m */ = {isa = PBXFileReference; lastKnownFileType = sourcecode.c.objc; path = MBProgressHUD.m; sourceTree = "<group>"; };
		C3B18B5216051B0100CAE941 /* MBBaseRequest.h */ = {isa = PBXFileReference; fileEncoding = 4; lastKnownFileType = sourcecode.c.h; path = MBBaseRequest.h; sourceTree = "<group>"; };
		C3B18B5316051B0100CAE941 /* MBBaseRequest.m */ = {isa = PBXFileReference; fileEncoding = 4; lastKnownFileType = sourcecode.c.objc; path = MBBaseRequest.m; sourceTree = "<group>"; };
		C3B18B5416051B0100CAE941 /* MBBaseRequestSubclass.h */ = {isa = PBXFileReference; fileEncoding = 4; lastKnownFileType = sourcecode.c.h; path = MBBaseRequestSubclass.h; sourceTree = "<group>"; };
		C3B18B5516051B0100CAE941 /* MBHTTPConnectionOperation.h */ = {isa = PBXFileReference; fileEncoding = 4; lastKnownFileType = sourcecode.c.h; path = MBHTTPConnectionOperation.h; sourceTree = "<group>"; };
		C3B18B5616051B0100CAE941 /* MBHTTPConnectionOperation.m */ = {isa = PBXFileReference; fileEncoding = 4; lastKnownFileType = sourcecode.c.objc; path = MBHTTPConnectionOperation.m; sourceTree = "<group>"; };
		C3B18B5716051B0100CAE941 /* MBHTTPRequest.h */ = {isa = PBXFileReference; fileEncoding = 4; lastKnownFileType = sourcecode.c.h; path = MBHTTPRequest.h; sourceTree = "<group>"; };
		C3B18B5816051B0100CAE941 /* MBHTTPRequest.m */ = {isa = PBXFileReference; fileEncoding = 4; lastKnownFileType = sourcecode.c.objc; path = MBHTTPRequest.m; sourceTree = "<group>"; };
		C3B18B5916051B0100CAE941 /* MBImageRequest.h */ = {isa = PBXFileReference; fileEncoding = 4; lastKnownFileType = sourcecode.c.h; path = MBImageRequest.h; sourceTree = "<group>"; };
		C3B18B5A16051B0100CAE941 /* MBImageRequest.m */ = {isa = PBXFileReference; fileEncoding = 4; lastKnownFileType = sourcecode.c.objc; path = MBImageRequest.m; sourceTree = "<group>"; };
		C3B18B5B16051B0100CAE941 /* MBJSONRequest.h */ = {isa = PBXFileReference; fileEncoding = 4; lastKnownFileType = sourcecode.c.h; path = MBJSONRequest.h; sourceTree = "<group>"; };
		C3B18B5C16051B0100CAE941 /* MBJSONRequest.m */ = {isa = PBXFileReference; fileEncoding = 4; lastKnownFileType = sourcecode.c.objc; path = MBJSONRequest.m; sourceTree = "<group>"; };
		C3B18B5D16051B0100CAE941 /* MBRequest.h */ = {isa = PBXFileReference; fileEncoding = 4; lastKnownFileType = sourcecode.c.h; path = MBRequest.h; sourceTree = "<group>"; };
		C3B18B5E16051B0100CAE941 /* MBRequestError.h */ = {isa = PBXFileReference; fileEncoding = 4; lastKnownFileType = sourcecode.c.h; path = MBRequestError.h; sourceTree = "<group>"; };
		C3B18B5F16051B0100CAE941 /* MBRequestError.m */ = {isa = PBXFileReference; fileEncoding = 4; lastKnownFileType = sourcecode.c.objc; path = MBRequestError.m; sourceTree = "<group>"; };
		C3B18B6016051B0100CAE941 /* MBRequestLocalization.h */ = {isa = PBXFileReference; fileEncoding = 4; lastKnownFileType = sourcecode.c.h; path = MBRequestLocalization.h; sourceTree = "<group>"; };
		C3B18B6116051B0100CAE941 /* MBRequestLog.h */ = {isa = PBXFileReference; fileEncoding = 4; lastKnownFileType = sourcecode.c.h; path = MBRequestLog.h; sourceTree = "<group>"; };
		C3B18B6216051B0100CAE941 /* MBURLConnectionOperation.h */ = {isa = PBXFileReference; fileEncoding = 4; lastKnownFileType = sourcecode.c.h; path = MBURLConnectionOperation.h; sourceTree = "<group>"; };
		C3B18B6316051B0100CAE941 /* MBURLConnectionOperation.m */ = {isa = PBXFileReference; fileEncoding = 4; lastKnownFileType = sourcecode.c.objc; path = MBURLConnectionOperation.m; sourceTree = "<group>"; };
		C3B18B6416051B0100CAE941 /* MBURLConnectionOperationSubclass.h */ = {isa = PBXFileReference; fileEncoding = 4; lastKnownFileType = sourcecode.c.h; path = MBURLConnectionOperationSubclass.h; sourceTree = "<group>"; };
		C3B18B6516051B0100CAE941 /* MBXMLRequest.h */ = {isa = PBXFileReference; fileEncoding = 4; lastKnownFileType = sourcecode.c.h; path = MBXMLRequest.h; sourceTree = "<group>"; };
		C3B18B6616051B0100CAE941 /* MBXMLRequest.m */ = {isa = PBXFileReference; fileEncoding = 4; lastKnownFileType = sourcecode.c.objc; path = MBXMLRequest.m; sourceTree = "<group>"; };
		C3F1691E16040E6A00C0CE12 /* Workout Roulette.app */ = {isa = PBXFileReference; explicitFileType = wrapper.application; includeInIndex = 0; path = "Workout Roulette.app"; sourceTree = BUILT_PRODUCTS_DIR; };
		C3F1692216040E6A00C0CE12 /* UIKit.framework */ = {isa = PBXFileReference; lastKnownFileType = wrapper.framework; name = UIKit.framework; path = System/Library/Frameworks/UIKit.framework; sourceTree = SDKROOT; };
		C3F1692416040E6A00C0CE12 /* Foundation.framework */ = {isa = PBXFileReference; lastKnownFileType = wrapper.framework; name = Foundation.framework; path = System/Library/Frameworks/Foundation.framework; sourceTree = SDKROOT; };
		C3F1692616040E6A00C0CE12 /* CoreGraphics.framework */ = {isa = PBXFileReference; lastKnownFileType = wrapper.framework; name = CoreGraphics.framework; path = System/Library/Frameworks/CoreGraphics.framework; sourceTree = SDKROOT; };
		C3F1692816040E6A00C0CE12 /* CoreData.framework */ = {isa = PBXFileReference; lastKnownFileType = wrapper.framework; name = CoreData.framework; path = System/Library/Frameworks/CoreData.framework; sourceTree = SDKROOT; };
		C3F1692C16040E6A00C0CE12 /* Workout Roulette-Info.plist */ = {isa = PBXFileReference; lastKnownFileType = text.plist.xml; path = "Workout Roulette-Info.plist"; sourceTree = "<group>"; };
		C3F1692E16040E6A00C0CE12 /* en */ = {isa = PBXFileReference; lastKnownFileType = text.plist.strings; name = en; path = en.lproj/InfoPlist.strings; sourceTree = "<group>"; };
		C3F1693016040E6A00C0CE12 /* main.m */ = {isa = PBXFileReference; lastKnownFileType = sourcecode.c.objc; path = main.m; sourceTree = "<group>"; };
		C3F1693216040E6A00C0CE12 /* Workout Roulette-Prefix.pch */ = {isa = PBXFileReference; lastKnownFileType = sourcecode.c.h; path = "Workout Roulette-Prefix.pch"; sourceTree = "<group>"; };
		C3F1693316040E6A00C0CE12 /* WRAppDelegate.h */ = {isa = PBXFileReference; lastKnownFileType = sourcecode.c.h; path = WRAppDelegate.h; sourceTree = "<group>"; };
		C3F1693416040E6A00C0CE12 /* WRAppDelegate.m */ = {isa = PBXFileReference; lastKnownFileType = sourcecode.c.objc; path = WRAppDelegate.m; sourceTree = "<group>"; };
		C3F1693716040E6A00C0CE12 /* Workout_Roulette.xcdatamodel */ = {isa = PBXFileReference; lastKnownFileType = wrapper.xcdatamodel; path = Workout_Roulette.xcdatamodel; sourceTree = "<group>"; };
		C3F1693E1604140C00C0CE12 /* CloudMine.framework */ = {isa = PBXFileReference; lastKnownFileType = wrapper.framework; name = CloudMine.framework; path = "Workout Roulette/CloudMine.framework"; sourceTree = "<group>"; };
		C3F169401604143B00C0CE12 /* CFNetwork.framework */ = {isa = PBXFileReference; lastKnownFileType = wrapper.framework; name = CFNetwork.framework; path = System/Library/Frameworks/CFNetwork.framework; sourceTree = SDKROOT; };
		C3F169421604144400C0CE12 /* SystemConfiguration.framework */ = {isa = PBXFileReference; lastKnownFileType = wrapper.framework; name = SystemConfiguration.framework; path = System/Library/Frameworks/SystemConfiguration.framework; sourceTree = SDKROOT; };
		C3F169441604144C00C0CE12 /* MobileCoreServices.framework */ = {isa = PBXFileReference; lastKnownFileType = wrapper.framework; name = MobileCoreServices.framework; path = System/Library/Frameworks/MobileCoreServices.framework; sourceTree = SDKROOT; };
		C3F169461604146300C0CE12 /* libz.dylib */ = {isa = PBXFileReference; lastKnownFileType = "compiled.mach-o.dylib"; name = libz.dylib; path = usr/lib/libz.dylib; sourceTree = SDKROOT; };
/* End PBXFileReference section */

/* Begin PBXFrameworksBuildPhase section */
		C3F1691B16040E6A00C0CE12 /* Frameworks */ = {
			isa = PBXFrameworksBuildPhase;
			buildActionMask = 2147483647;
			files = (
				C3223C9116043641006EBC60 /* MediaPlayer.framework in Frameworks */,
				C3F169471604146300C0CE12 /* libz.dylib in Frameworks */,
				C3F1692316040E6A00C0CE12 /* UIKit.framework in Frameworks */,
				C3F169451604144C00C0CE12 /* MobileCoreServices.framework in Frameworks */,
				C3F169431604144400C0CE12 /* SystemConfiguration.framework in Frameworks */,
				C3F169411604143B00C0CE12 /* CFNetwork.framework in Frameworks */,
				C3F1692516040E6A00C0CE12 /* Foundation.framework in Frameworks */,
				C3F1692716040E6A00C0CE12 /* CoreGraphics.framework in Frameworks */,
				C3F1692916040E6A00C0CE12 /* CoreData.framework in Frameworks */,
				C3F1693F1604140C00C0CE12 /* CloudMine.framework in Frameworks */,
			);
			runOnlyForDeploymentPostprocessing = 0;
		};
/* End PBXFrameworksBuildPhase section */

/* Begin PBXGroup section */
		C3223C84160420B4006EBC60 /* Model Data */ = {
			isa = PBXGroup;
			children = (
				C3223C81160420AE006EBC60 /* WRExercise.h */,
				C3223C82160420AE006EBC60 /* WRExercise.m */,
				C3223C7D16041EA6006EBC60 /* WRWorkout.h */,
				C3223C7E16041EA6006EBC60 /* WRWorkout.m */,
			);
			name = "Model Data";
			sourceTree = "<group>";
		};
		C3223C8F16043160006EBC60 /* Resources */ = {
			isa = PBXGroup;
			children = (
				C3B18B5116051B0100CAE941 /* MBNetworking */,
				C3223C9216044016006EBC60 /* MBProgressHUD.h */,
				C3223C9316044016006EBC60 /* MBProgressHUD.m */,
				C3223C8D1604315B006EBC60 /* green paper.png */,
			);
			name = Resources;
			sourceTree = "<group>";
		};
		C3B18B5116051B0100CAE941 /* MBNetworking */ = {
			isa = PBXGroup;
			children = (
				C3B18B5216051B0100CAE941 /* MBBaseRequest.h */,
				C3B18B5316051B0100CAE941 /* MBBaseRequest.m */,
				C3B18B5416051B0100CAE941 /* MBBaseRequestSubclass.h */,
				C3B18B5516051B0100CAE941 /* MBHTTPConnectionOperation.h */,
				C3B18B5616051B0100CAE941 /* MBHTTPConnectionOperation.m */,
				C3B18B5716051B0100CAE941 /* MBHTTPRequest.h */,
				C3B18B5816051B0100CAE941 /* MBHTTPRequest.m */,
				C3B18B5916051B0100CAE941 /* MBImageRequest.h */,
				C3B18B5A16051B0100CAE941 /* MBImageRequest.m */,
				C3B18B5B16051B0100CAE941 /* MBJSONRequest.h */,
				C3B18B5C16051B0100CAE941 /* MBJSONRequest.m */,
				C3B18B5D16051B0100CAE941 /* MBRequest.h */,
				C3B18B5E16051B0100CAE941 /* MBRequestError.h */,
				C3B18B5F16051B0100CAE941 /* MBRequestError.m */,
				C3B18B6016051B0100CAE941 /* MBRequestLocalization.h */,
				C3B18B6116051B0100CAE941 /* MBRequestLog.h */,
				C3B18B6216051B0100CAE941 /* MBURLConnectionOperation.h */,
				C3B18B6316051B0100CAE941 /* MBURLConnectionOperation.m */,
				C3B18B6416051B0100CAE941 /* MBURLConnectionOperationSubclass.h */,
				C3B18B6516051B0100CAE941 /* MBXMLRequest.h */,
				C3B18B6616051B0100CAE941 /* MBXMLRequest.m */,
			);
			name = MBNetworking;
			path = Classes;
			sourceTree = "<group>";
		};
		C3F1691316040E6A00C0CE12 = {
			isa = PBXGroup;
			children = (
				C3223C8F16043160006EBC60 /* Resources */,
				C3223C84160420B4006EBC60 /* Model Data */,
				C3F1692A16040E6A00C0CE12 /* Workout Roulette */,
				C3F1692116040E6A00C0CE12 /* Frameworks */,
				C3F1691F16040E6A00C0CE12 /* Products */,
			);
			sourceTree = "<group>";
		};
		C3F1691F16040E6A00C0CE12 /* Products */ = {
			isa = PBXGroup;
			children = (
				C3F1691E16040E6A00C0CE12 /* Workout Roulette.app */,
			);
			name = Products;
			sourceTree = "<group>";
		};
		C3F1692116040E6A00C0CE12 /* Frameworks */ = {
			isa = PBXGroup;
			children = (
				C3223C9016043641006EBC60 /* MediaPlayer.framework */,
				C3F169461604146300C0CE12 /* libz.dylib */,
				C3F169441604144C00C0CE12 /* MobileCoreServices.framework */,
				C3F169421604144400C0CE12 /* SystemConfiguration.framework */,
				C3F169401604143B00C0CE12 /* CFNetwork.framework */,
				C3F1693E1604140C00C0CE12 /* CloudMine.framework */,
				C3F1692216040E6A00C0CE12 /* UIKit.framework */,
				C3F1692416040E6A00C0CE12 /* Foundation.framework */,
				C3F1692616040E6A00C0CE12 /* CoreGraphics.framework */,
				C3F1692816040E6A00C0CE12 /* CoreData.framework */,
			);
			name = Frameworks;
			sourceTree = "<group>";
		};
		C3F1692A16040E6A00C0CE12 /* Workout Roulette */ = {
			isa = PBXGroup;
			children = (
				C3F1693316040E6A00C0CE12 /* WRAppDelegate.h */,
				C3F1693416040E6A00C0CE12 /* WRAppDelegate.m */,
				C3F1693616040E6A00C0CE12 /* Workout_Roulette.xcdatamodeld */,
				C3F1692B16040E6A00C0CE12 /* Supporting Files */,
				8F3EED4516041C5A0071A566 /* RouletteViewController.h */,
				8F3EED4616041C5A0071A566 /* RouletteViewController.m */,
				C3223C8916042F54006EBC60 /* WRWorkoutViewController.h */,
				C3223C8A16042F54006EBC60 /* WRWorkoutViewController.m */,
			);
			path = "Workout Roulette";
			sourceTree = "<group>";
		};
		C3F1692B16040E6A00C0CE12 /* Supporting Files */ = {
			isa = PBXGroup;
			children = (
				C3F1692C16040E6A00C0CE12 /* Workout Roulette-Info.plist */,
				C3F1692D16040E6A00C0CE12 /* InfoPlist.strings */,
				C3F1693016040E6A00C0CE12 /* main.m */,
				C3F1693216040E6A00C0CE12 /* Workout Roulette-Prefix.pch */,
			);
			name = "Supporting Files";
			sourceTree = "<group>";
		};
/* End PBXGroup section */

/* Begin PBXNativeTarget section */
		C3F1691D16040E6A00C0CE12 /* Workout Roulette */ = {
			isa = PBXNativeTarget;
			buildConfigurationList = C3F1693B16040E6A00C0CE12 /* Build configuration list for PBXNativeTarget "Workout Roulette" */;
			buildPhases = (
				C3F1691A16040E6A00C0CE12 /* Sources */,
				C3F1691B16040E6A00C0CE12 /* Frameworks */,
				C3F1691C16040E6A00C0CE12 /* Resources */,
			);
			buildRules = (
			);
			dependencies = (
			);
			name = "Workout Roulette";
			productName = "Workout Roulette";
			productReference = C3F1691E16040E6A00C0CE12 /* Workout Roulette.app */;
			productType = "com.apple.product-type.application";
		};
/* End PBXNativeTarget section */

/* Begin PBXProject section */
		C3F1691516040E6A00C0CE12 /* Project object */ = {
			isa = PBXProject;
			attributes = {
				CLASSPREFIX = WR;
				LastUpgradeCheck = 0440;
				ORGANIZATIONNAME = "Bacon Wrapped Turtle Burgers";
			};
			buildConfigurationList = C3F1691816040E6A00C0CE12 /* Build configuration list for PBXProject "Workout Roulette" */;
			compatibilityVersion = "Xcode 3.2";
			developmentRegion = English;
			hasScannedForEncodings = 0;
			knownRegions = (
				en,
			);
			mainGroup = C3F1691316040E6A00C0CE12;
			productRefGroup = C3F1691F16040E6A00C0CE12 /* Products */;
			projectDirPath = "";
			projectRoot = "";
			targets = (
				C3F1691D16040E6A00C0CE12 /* Workout Roulette */,
			);
		};
/* End PBXProject section */

/* Begin PBXResourcesBuildPhase section */
		C3F1691C16040E6A00C0CE12 /* Resources */ = {
			isa = PBXResourcesBuildPhase;
			buildActionMask = 2147483647;
			files = (
				C3F1692F16040E6A00C0CE12 /* InfoPlist.strings in Resources */,
				C3223C8E1604315B006EBC60 /* green paper.png in Resources */,
			);
			runOnlyForDeploymentPostprocessing = 0;
		};
/* End PBXResourcesBuildPhase section */

/* Begin PBXSourcesBuildPhase section */
		C3F1691A16040E6A00C0CE12 /* Sources */ = {
			isa = PBXSourcesBuildPhase;
			buildActionMask = 2147483647;
			files = (
				C3223C9416044056006EBC60 /* MBProgressHUD.m in Sources */,
				C3F1693116040E6A00C0CE12 /* main.m in Sources */,
				C3F1693516040E6A00C0CE12 /* WRAppDelegate.m in Sources */,
				C3F1693816040E6A00C0CE12 /* Workout_Roulette.xcdatamodeld in Sources */,
				8F3EED4716041C5A0071A566 /* RouletteViewController.m in Sources */,
				C3223C7F16041EA6006EBC60 /* WRWorkout.m in Sources */,
				C3223C83160420AE006EBC60 /* WRExercise.m in Sources */,
				C3223C8B16042F54006EBC60 /* WRWorkoutViewController.m in Sources */,
				C3B18B6716051B0100CAE941 /* MBBaseRequest.m in Sources */,
				C3B18B6816051B0100CAE941 /* MBHTTPConnectionOperation.m in Sources */,
				C3B18B6916051B0100CAE941 /* MBHTTPRequest.m in Sources */,
				C3B18B6A16051B0100CAE941 /* MBImageRequest.m in Sources */,
				C3B18B6B16051B0100CAE941 /* MBJSONRequest.m in Sources */,
				C3B18B6C16051B0100CAE941 /* MBRequestError.m in Sources */,
				C3B18B6D16051B0100CAE941 /* MBURLConnectionOperation.m in Sources */,
				C3B18B6E16051B0100CAE941 /* MBXMLRequest.m in Sources */,
			);
			runOnlyForDeploymentPostprocessing = 0;
		};
/* End PBXSourcesBuildPhase section */

/* Begin PBXVariantGroup section */
		C3F1692D16040E6A00C0CE12 /* InfoPlist.strings */ = {
			isa = PBXVariantGroup;
			children = (
				C3F1692E16040E6A00C0CE12 /* en */,
			);
			name = InfoPlist.strings;
			sourceTree = "<group>";
		};
/* End PBXVariantGroup section */

/* Begin XCBuildConfiguration section */
		C3F1693916040E6A00C0CE12 /* Debug */ = {
			isa = XCBuildConfiguration;
			buildSettings = {
				ALWAYS_SEARCH_USER_PATHS = NO;
				ARCHS = "$(ARCHS_STANDARD_32_BIT)";
				CLANG_CXX_LANGUAGE_STANDARD = "gnu++0x";
				CLANG_ENABLE_OBJC_ARC = YES;
				CLANG_WARN__DUPLICATE_METHOD_MATCH = YES;
				"CODE_SIGN_IDENTITY[sdk=iphoneos*]" = "iPhone Developer";
				COPY_PHASE_STRIP = NO;
				GCC_C_LANGUAGE_STANDARD = gnu99;
				GCC_DYNAMIC_NO_PIC = NO;
				GCC_OPTIMIZATION_LEVEL = 0;
				GCC_PREPROCESSOR_DEFINITIONS = (
					"DEBUG=1",
					"$(inherited)",
				);
				GCC_SYMBOLS_PRIVATE_EXTERN = NO;
				GCC_VERSION = com.apple.compilers.llvm.clang.1_0;
				GCC_WARN_ABOUT_RETURN_TYPE = YES;
				GCC_WARN_UNINITIALIZED_AUTOS = YES;
				GCC_WARN_UNUSED_VARIABLE = YES;
				IPHONEOS_DEPLOYMENT_TARGET = 5.1;
				SDKROOT = iphoneos;
			};
			name = Debug;
		};
		C3F1693A16040E6A00C0CE12 /* Release */ = {
			isa = XCBuildConfiguration;
			buildSettings = {
				ALWAYS_SEARCH_USER_PATHS = NO;
				ARCHS = "$(ARCHS_STANDARD_32_BIT)";
				CLANG_CXX_LANGUAGE_STANDARD = "gnu++0x";
				CLANG_ENABLE_OBJC_ARC = YES;
				CLANG_WARN__DUPLICATE_METHOD_MATCH = YES;
				"CODE_SIGN_IDENTITY[sdk=iphoneos*]" = "iPhone Developer";
				COPY_PHASE_STRIP = YES;
				GCC_C_LANGUAGE_STANDARD = gnu99;
				GCC_VERSION = com.apple.compilers.llvm.clang.1_0;
				GCC_WARN_ABOUT_RETURN_TYPE = YES;
				GCC_WARN_UNINITIALIZED_AUTOS = YES;
				GCC_WARN_UNUSED_VARIABLE = YES;
				IPHONEOS_DEPLOYMENT_TARGET = 5.1;
				OTHER_CFLAGS = "-DNS_BLOCK_ASSERTIONS=1";
				SDKROOT = iphoneos;
				VALIDATE_PRODUCT = YES;
			};
			name = Release;
		};
		C3F1693C16040E6A00C0CE12 /* Debug */ = {
			isa = XCBuildConfiguration;
			buildSettings = {
				FRAMEWORK_SEARCH_PATHS = (
					"$(inherited)",
					"\"$(SRCROOT)/Workout Roulette\"",
				);
				GCC_PRECOMPILE_PREFIX_HEADER = YES;
				GCC_PREFIX_HEADER = "Workout Roulette/Workout Roulette-Prefix.pch";
				INFOPLIST_FILE = "Workout Roulette/Workout Roulette-Info.plist";
				OTHER_LDFLAGS = (
					"-all_load",
					"-Objc",
				);
				PRODUCT_NAME = "$(TARGET_NAME)";
				WRAPPER_EXTENSION = app;
			};
			name = Debug;
		};
		C3F1693D16040E6A00C0CE12 /* Release */ = {
			isa = XCBuildConfiguration;
			buildSettings = {
				FRAMEWORK_SEARCH_PATHS = (
					"$(inherited)",
					"\"$(SRCROOT)/Workout Roulette\"",
				);
				GCC_PRECOMPILE_PREFIX_HEADER = YES;
				GCC_PREFIX_HEADER = "Workout Roulette/Workout Roulette-Prefix.pch";
				INFOPLIST_FILE = "Workout Roulette/Workout Roulette-Info.plist";
				OTHER_LDFLAGS = (
					"-all_load",
					"-Objc",
				);
				PRODUCT_NAME = "$(TARGET_NAME)";
				WRAPPER_EXTENSION = app;
			};
			name = Release;
		};
/* End XCBuildConfiguration section */

/* Begin XCConfigurationList section */
		C3F1691816040E6A00C0CE12 /* Build configuration list for PBXProject "Workout Roulette" */ = {
			isa = XCConfigurationList;
			buildConfigurations = (
				C3F1693916040E6A00C0CE12 /* Debug */,
				C3F1693A16040E6A00C0CE12 /* Release */,
			);
			defaultConfigurationIsVisible = 0;
			defaultConfigurationName = Release;
		};
		C3F1693B16040E6A00C0CE12 /* Build configuration list for PBXNativeTarget "Workout Roulette" */ = {
			isa = XCConfigurationList;
			buildConfigurations = (
				C3F1693C16040E6A00C0CE12 /* Debug */,
				C3F1693D16040E6A00C0CE12 /* Release */,
			);
			defaultConfigurationIsVisible = 0;
			defaultConfigurationName = Release;
		};
/* End XCConfigurationList section */

/* Begin XCVersionGroup section */
		C3F1693616040E6A00C0CE12 /* Workout_Roulette.xcdatamodeld */ = {
			isa = XCVersionGroup;
			children = (
				C3F1693716040E6A00C0CE12 /* Workout_Roulette.xcdatamodel */,
			);
			currentVersion = C3F1693716040E6A00C0CE12 /* Workout_Roulette.xcdatamodel */;
			path = Workout_Roulette.xcdatamodeld;
			sourceTree = "<group>";
			versionGroupType = wrapper.xcdatamodel;
		};
/* End XCVersionGroup section */
	};
	rootObject = C3F1691516040E6A00C0CE12 /* Project object */;
}
